
Microsoft Visual Studio Solution File, Format Version 12.00
# Visual Studio Version 16
VisualStudioVersion = 16.0.31729.503
MinimumVisualStudioVersion = 10.0.40219.1
Project("{FAE04EC0-301F-11D3-BF4B-00C04F79EFBC}") = "scrapper", "scrapper\scrapper.csproj", "{2B3BAAC1-F51B-49A0-B2AB-E56A09B6B23C}"
EndProject
Global
	GlobalSection(SolutionConfigurationPlatforms) = preSolution
		Debug|Any CPU = Debug|Any CPU
		Release|Any CPU = Release|Any CPU
	EndGlobalSection
	GlobalSection(ProjectConfigurationPlatforms) = postSolution
		{2B3BAAC1-F51B-49A0-B2AB-E56A09B6B23C}.Debug|Any CPU.ActiveCfg = Debug|Any CPU
		{2B3BAAC1-F51B-49A0-B2AB-E56A09B6B23C}.Debug|Any CPU.Build.0 = Debug|Any CPU
		{2B3BAAC1-F51B-49A0-B2AB-E56A09B6B23C}.Release|Any CPU.ActiveCfg = Release|Any CPU
		{2B3BAAC1-F51B-49A0-B2AB-E56A09B6B23C}.Release|Any CPU.Build.0 = Release|Any CPU
	EndGlobalSection
	GlobalSection(SolutionProperties) = preSolution
		HideSolutionNode = FALSE
	EndGlobalSection
	GlobalSection(ExtensibilityGlobals) = postSolution
		SolutionGuid = {8C53C73A-7CF3-46B4-943E-583D451CB99D}
	EndGlobalSection
EndGlobal
